// !$*UTF8*$!
{
	archiveVersion = 1;
	classes = {
	};
	objectVersion = 55;
	objects = {

/* Begin PBXBuildFile section */
		B204E84128C12B7B008E56FA /* AppDelegate.swift in Sources */ = {isa = PBXBuildFile; fileRef = B204E84028C12B7B008E56FA /* AppDelegate.swift */; };
		B204E84328C12B7B008E56FA /* SceneDelegate.swift in Sources */ = {isa = PBXBuildFile; fileRef = B204E84228C12B7B008E56FA /* SceneDelegate.swift */; };
		B204E84828C12B7B008E56FA /* Main.storyboard in Resources */ = {isa = PBXBuildFile; fileRef = B204E84628C12B7B008E56FA /* Main.storyboard */; };
		B204E84A28C12B7E008E56FA /* Assets.xcassets in Resources */ = {isa = PBXBuildFile; fileRef = B204E84928C12B7E008E56FA /* Assets.xcassets */; };
		B204E84D28C12B7E008E56FA /* LaunchScreen.storyboard in Resources */ = {isa = PBXBuildFile; fileRef = B204E84B28C12B7E008E56FA /* LaunchScreen.storyboard */; };
		B204E85828C139FA008E56FA /* MeasurementModel.swift in Sources */ = {isa = PBXBuildFile; fileRef = B204E85728C139FA008E56FA /* MeasurementModel.swift */; };
		B204E85A28C13A7F008E56FA /* MassVM.swift in Sources */ = {isa = PBXBuildFile; fileRef = B204E85928C13A7F008E56FA /* MassVM.swift */; };
		B204E85C28C1481A008E56FA /* HomeViewController.swift in Sources */ = {isa = PBXBuildFile; fileRef = B204E85B28C1481A008E56FA /* HomeViewController.swift */; };
		B204E85E28C2909F008E56FA /* MassViewController.swift in Sources */ = {isa = PBXBuildFile; fileRef = B204E85D28C2909F008E56FA /* MassViewController.swift */; };
		B204E86028C290BA008E56FA /* LengthViewController.swift in Sources */ = {isa = PBXBuildFile; fileRef = B204E85F28C290BA008E56FA /* LengthViewController.swift */; };
		B204E86228C290D1008E56FA /* VolumeViewController.swift in Sources */ = {isa = PBXBuildFile; fileRef = B204E86128C290D1008E56FA /* VolumeViewController.swift */; };
		B204E86428C290E3008E56FA /* TemperatureViewController.swift in Sources */ = {isa = PBXBuildFile; fileRef = B204E86328C290E3008E56FA /* TemperatureViewController.swift */; };
		B204E86728C7A80B008E56FA /* Storyboardable.swift in Sources */ = {isa = PBXBuildFile; fileRef = B204E86628C7A80B008E56FA /* Storyboardable.swift */; };
		B2990ECC28DE323D00C5F4DA /* LengthVM.swift in Sources */ = {isa = PBXBuildFile; fileRef = B2990ECB28DE323D00C5F4DA /* LengthVM.swift */; };
		B2990ECE28DE92B000C5F4DA /* VolumeVM.swift in Sources */ = {isa = PBXBuildFile; fileRef = B2990ECD28DE92B000C5F4DA /* VolumeVM.swift */; };
		B2990ED028E1E02100C5F4DA /* TemperatureVM.swift in Sources */ = {isa = PBXBuildFile; fileRef = B2990ECF28E1E02100C5F4DA /* TemperatureVM.swift */; };
/* End PBXBuildFile section */

/* Begin PBXFileReference section */
		B204E83D28C12B7B008E56FA /* MeasureConverter.app */ = {isa = PBXFileReference; explicitFileType = wrapper.application; includeInIndex = 0; path = MeasureConverter.app; sourceTree = BUILT_PRODUCTS_DIR; };
		B204E84028C12B7B008E56FA /* AppDelegate.swift */ = {isa = PBXFileReference; lastKnownFileType = sourcecode.swift; path = AppDelegate.swift; sourceTree = "<group>"; };
		B204E84228C12B7B008E56FA /* SceneDelegate.swift */ = {isa = PBXFileReference; lastKnownFileType = sourcecode.swift; path = SceneDelegate.swift; sourceTree = "<group>"; };
		B204E84728C12B7B008E56FA /* Base */ = {isa = PBXFileReference; lastKnownFileType = file.storyboard; name = Base; path = Base.lproj/Main.storyboard; sourceTree = "<group>"; };
		B204E84928C12B7E008E56FA /* Assets.xcassets */ = {isa = PBXFileReference; lastKnownFileType = folder.assetcatalog; path = Assets.xcassets; sourceTree = "<group>"; };
		B204E84C28C12B7E008E56FA /* Base */ = {isa = PBXFileReference; lastKnownFileType = file.storyboard; name = Base; path = Base.lproj/LaunchScreen.storyboard; sourceTree = "<group>"; };
		B204E84E28C12B7E008E56FA /* Info.plist */ = {isa = PBXFileReference; lastKnownFileType = text.plist.xml; path = Info.plist; sourceTree = "<group>"; };
		B204E85728C139FA008E56FA /* MeasurementModel.swift */ = {isa = PBXFileReference; lastKnownFileType = sourcecode.swift; path = MeasurementModel.swift; sourceTree = "<group>"; };
		B204E85928C13A7F008E56FA /* MassVM.swift */ = {isa = PBXFileReference; lastKnownFileType = sourcecode.swift; path = MassVM.swift; sourceTree = "<group>"; };
		B204E85B28C1481A008E56FA /* HomeViewController.swift */ = {isa = PBXFileReference; lastKnownFileType = sourcecode.swift; path = HomeViewController.swift; sourceTree = "<group>"; };
		B204E85D28C2909F008E56FA /* MassViewController.swift */ = {isa = PBXFileReference; lastKnownFileType = sourcecode.swift; path = MassViewController.swift; sourceTree = "<group>"; };
		B204E85F28C290BA008E56FA /* LengthViewController.swift */ = {isa = PBXFileReference; lastKnownFileType = sourcecode.swift; path = LengthViewController.swift; sourceTree = "<group>"; };
		B204E86128C290D1008E56FA /* VolumeViewController.swift */ = {isa = PBXFileReference; lastKnownFileType = sourcecode.swift; path = VolumeViewController.swift; sourceTree = "<group>"; };
		B204E86328C290E3008E56FA /* TemperatureViewController.swift */ = {isa = PBXFileReference; lastKnownFileType = sourcecode.swift; path = TemperatureViewController.swift; sourceTree = "<group>"; };
		B204E86628C7A80B008E56FA /* Storyboardable.swift */ = {isa = PBXFileReference; lastKnownFileType = sourcecode.swift; path = Storyboardable.swift; sourceTree = "<group>"; };
		B2990ECB28DE323D00C5F4DA /* LengthVM.swift */ = {isa = PBXFileReference; lastKnownFileType = sourcecode.swift; path = LengthVM.swift; sourceTree = "<group>"; };
		B2990ECD28DE92B000C5F4DA /* VolumeVM.swift */ = {isa = PBXFileReference; lastKnownFileType = sourcecode.swift; path = VolumeVM.swift; sourceTree = "<group>"; };
		B2990ECF28E1E02100C5F4DA /* TemperatureVM.swift */ = {isa = PBXFileReference; lastKnownFileType = sourcecode.swift; path = TemperatureVM.swift; sourceTree = "<group>"; };
/* End PBXFileReference section */

/* Begin PBXFrameworksBuildPhase section */
		B204E83A28C12B7B008E56FA /* Frameworks */ = {
			isa = PBXFrameworksBuildPhase;
			buildActionMask = 2147483647;
			files = (
			);
			runOnlyForDeploymentPostprocessing = 0;
		};
/* End PBXFrameworksBuildPhase section */

/* Begin PBXGroup section */
		B204E83428C12B7B008E56FA = {
			isa = PBXGroup;
			children = (
				B204E84028C12B7B008E56FA /* AppDelegate.swift */,
				B204E84228C12B7B008E56FA /* SceneDelegate.swift */,
				B204E83F28C12B7B008E56FA /* MeasureConverter */,
				B204E83E28C12B7B008E56FA /* Products */,
			);
			sourceTree = "<group>";
		};
		B204E83E28C12B7B008E56FA /* Products */ = {
			isa = PBXGroup;
			children = (
				B204E83D28C12B7B008E56FA /* MeasureConverter.app */,
			);
			name = Products;
			sourceTree = "<group>";
		};
		B204E83F28C12B7B008E56FA /* MeasureConverter */ = {
			isa = PBXGroup;
			children = (
				B204E86528C29FEA008E56FA /* Helper */,
				B204E85428C12B88008E56FA /* Model */,
				B204E85528C12B91008E56FA /* View */,
				B204E85628C12BA2008E56FA /* ViewModel */,
				B204E84628C12B7B008E56FA /* Main.storyboard */,
				B204E84928C12B7E008E56FA /* Assets.xcassets */,
				B204E84B28C12B7E008E56FA /* LaunchScreen.storyboard */,
				B204E84E28C12B7E008E56FA /* Info.plist */,
			);
			path = MeasureConverter;
			sourceTree = "<group>";
		};
		B204E85428C12B88008E56FA /* Model */ = {
			isa = PBXGroup;
			children = (
				B204E85728C139FA008E56FA /* MeasurementModel.swift */,
			);
			path = Model;
			sourceTree = "<group>";
		};
		B204E85528C12B91008E56FA /* View */ = {
			isa = PBXGroup;
			children = (
				B204E85B28C1481A008E56FA /* HomeViewController.swift */,
				B204E85D28C2909F008E56FA /* MassViewController.swift */,
				B204E85F28C290BA008E56FA /* LengthViewController.swift */,
				B204E86128C290D1008E56FA /* VolumeViewController.swift */,
				B204E86328C290E3008E56FA /* TemperatureViewController.swift */,
			);
			path = View;
			sourceTree = "<group>";
		};
		B204E85628C12BA2008E56FA /* ViewModel */ = {
			isa = PBXGroup;
			children = (
				B204E85928C13A7F008E56FA /* MassVM.swift */,
				B2990ECB28DE323D00C5F4DA /* LengthVM.swift */,
				B2990ECD28DE92B000C5F4DA /* VolumeVM.swift */,
				B2990ECF28E1E02100C5F4DA /* TemperatureVM.swift */,
			);
			path = ViewModel;
			sourceTree = "<group>";
		};
		B204E86528C29FEA008E56FA /* Helper */ = {
			isa = PBXGroup;
			children = (
				B204E86628C7A80B008E56FA /* Storyboardable.swift */,
			);
			path = Helper;
			sourceTree = "<group>";
		};
/* End PBXGroup section */

/* Begin PBXNativeTarget section */
		B204E83C28C12B7B008E56FA /* MeasureConverter */ = {
			isa = PBXNativeTarget;
			buildConfigurationList = B204E85128C12B7E008E56FA /* Build configuration list for PBXNativeTarget "MeasureConverter" */;
			buildPhases = (
				B204E83928C12B7B008E56FA /* Sources */,
				B204E83A28C12B7B008E56FA /* Frameworks */,
				B204E83B28C12B7B008E56FA /* Resources */,
			);
			buildRules = (
			);
			dependencies = (
			);
			name = MeasureConverter;
			productName = MeasureConverter;
			productReference = B204E83D28C12B7B008E56FA /* MeasureConverter.app */;
			productType = "com.apple.product-type.application";
		};
/* End PBXNativeTarget section */

/* Begin PBXProject section */
		B204E83528C12B7B008E56FA /* Project object */ = {
			isa = PBXProject;
			attributes = {
				BuildIndependentTargetsInParallel = 1;
				LastSwiftUpdateCheck = 1340;
				LastUpgradeCheck = 1340;
				TargetAttributes = {
					B204E83C28C12B7B008E56FA = {
						CreatedOnToolsVersion = 13.4.1;
					};
				};
			};
			buildConfigurationList = B204E83828C12B7B008E56FA /* Build configuration list for PBXProject "MeasureConverter" */;
			compatibilityVersion = "Xcode 13.0";
			developmentRegion = en;
			hasScannedForEncodings = 0;
			knownRegions = (
				en,
				Base,
			);
			mainGroup = B204E83428C12B7B008E56FA;
			productRefGroup = B204E83E28C12B7B008E56FA /* Products */;
			projectDirPath = "";
			projectRoot = "";
			targets = (
				B204E83C28C12B7B008E56FA /* MeasureConverter */,
			);
		};
/* End PBXProject section */

/* Begin PBXResourcesBuildPhase section */
		B204E83B28C12B7B008E56FA /* Resources */ = {
			isa = PBXResourcesBuildPhase;
			buildActionMask = 2147483647;
			files = (
				B204E84D28C12B7E008E56FA /* LaunchScreen.storyboard in Resources */,
				B204E84A28C12B7E008E56FA /* Assets.xcassets in Resources */,
				B204E84828C12B7B008E56FA /* Main.storyboard in Resources */,
			);
			runOnlyForDeploymentPostprocessing = 0;
		};
/* End PBXResourcesBuildPhase section */

/* Begin PBXSourcesBuildPhase section */
		B204E83928C12B7B008E56FA /* Sources */ = {
			isa = PBXSourcesBuildPhase;
			buildActionMask = 2147483647;
			files = (
				B204E85828C139FA008E56FA /* MeasurementModel.swift in Sources */,
				B2990ECC28DE323D00C5F4DA /* LengthVM.swift in Sources */,
				B2990ED028E1E02100C5F4DA /* TemperatureVM.swift in Sources */,
				B204E84128C12B7B008E56FA /* AppDelegate.swift in Sources */,
				B204E85E28C2909F008E56FA /* MassViewController.swift in Sources */,
				B204E85A28C13A7F008E56FA /* MassVM.swift in Sources */,
				B204E86228C290D1008E56FA /* VolumeViewController.swift in Sources */,
				B204E86028C290BA008E56FA /* LengthViewController.swift in Sources */,
				B204E84328C12B7B008E56FA /* SceneDelegate.swift in Sources */,
				B2990ECE28DE92B000C5F4DA /* VolumeVM.swift in Sources */,
				B204E85C28C1481A008E56FA /* HomeViewController.swift in Sources */,
				B204E86728C7A80B008E56FA /* Storyboardable.swift in Sources */,
				B204E86428C290E3008E56FA /* TemperatureViewController.swift in Sources */,
			);
			runOnlyForDeploymentPostprocessing = 0;
		};
/* End PBXSourcesBuildPhase section */

/* Begin PBXVariantGroup section */
		B204E84628C12B7B008E56FA /* Main.storyboard */ = {
			isa = PBXVariantGroup;
			children = (
				B204E84728C12B7B008E56FA /* Base */,
			);
			name = Main.storyboard;
			sourceTree = "<group>";
		};
		B204E84B28C12B7E008E56FA /* LaunchScreen.storyboard */ = {
			isa = PBXVariantGroup;
			children = (
				B204E84C28C12B7E008E56FA /* Base */,
			);
			name = LaunchScreen.storyboard;
			sourceTree = "<group>";
		};
/* End PBXVariantGroup section */

/* Begin XCBuildConfiguration section */
		B204E84F28C12B7E008E56FA /* Debug */ = {
			isa = XCBuildConfiguration;
			buildSettings = {
				ALWAYS_SEARCH_USER_PATHS = NO;
				CLANG_ANALYZER_NONNULL = YES;
				CLANG_ANALYZER_NUMBER_OBJECT_CONVERSION = YES_AGGRESSIVE;
				CLANG_CXX_LANGUAGE_STANDARD = "gnu++17";
				CLANG_ENABLE_MODULES = YES;
				CLANG_ENABLE_OBJC_ARC = YES;
				CLANG_ENABLE_OBJC_WEAK = YES;
				CLANG_WARN_BLOCK_CAPTURE_AUTORELEASING = YES;
				CLANG_WARN_BOOL_CONVERSION = YES;
				CLANG_WARN_COMMA = YES;
				CLANG_WARN_CONSTANT_CONVERSION = YES;
				CLANG_WARN_DEPRECATED_OBJC_IMPLEMENTATIONS = YES;
				CLANG_WARN_DIRECT_OBJC_ISA_USAGE = YES_ERROR;
				CLANG_WARN_DOCUMENTATION_COMMENTS = YES;
				CLANG_WARN_EMPTY_BODY = YES;
				CLANG_WARN_ENUM_CONVERSION = YES;
				CLANG_WARN_INFINITE_RECURSION = YES;
				CLANG_WARN_INT_CONVERSION = YES;
				CLANG_WARN_NON_LITERAL_NULL_CONVERSION = YES;
				CLANG_WARN_OBJC_IMPLICIT_RETAIN_SELF = YES;
				CLANG_WARN_OBJC_LITERAL_CONVERSION = YES;
				CLANG_WARN_OBJC_ROOT_CLASS = YES_ERROR;
				CLANG_WARN_QUOTED_INCLUDE_IN_FRAMEWORK_HEADER = YES;
				CLANG_WARN_RANGE_LOOP_ANALYSIS = YES;
				CLANG_WARN_STRICT_PROTOTYPES = YES;
				CLANG_WARN_SUSPICIOUS_MOVE = YES;
				CLANG_WARN_UNGUARDED_AVAILABILITY = YES_AGGRESSIVE;
				CLANG_WARN_UNREACHABLE_CODE = YES;
				CLANG_WARN__DUPLICATE_METHOD_MATCH = YES;
				COPY_PHASE_STRIP = NO;
				DEBUG_INFORMATION_FORMAT = dwarf;
				ENABLE_STRICT_OBJC_MSGSEND = YES;
				ENABLE_TESTABILITY = YES;
				GCC_C_LANGUAGE_STANDARD = gnu11;
				GCC_DYNAMIC_NO_PIC = NO;
				GCC_NO_COMMON_BLOCKS = YES;
				GCC_OPTIMIZATION_LEVEL = 0;
				GCC_PREPROCESSOR_DEFINITIONS = (
					"DEBUG=1",
					"$(inherited)",
				);
				GCC_WARN_64_TO_32_BIT_CONVERSION = YES;
				GCC_WARN_ABOUT_RETURN_TYPE = YES_ERROR;
				GCC_WARN_UNDECLARED_SELECTOR = YES;
				GCC_WARN_UNINITIALIZED_AUTOS = YES_AGGRESSIVE;
				GCC_WARN_UNUSED_FUNCTION = YES;
				GCC_WARN_UNUSED_VARIABLE = YES;
				IPHONEOS_DEPLOYMENT_TARGET = 15.5;
				MTL_ENABLE_DEBUG_INFO = INCLUDE_SOURCE;
				MTL_FAST_MATH = YES;
				ONLY_ACTIVE_ARCH = YES;
				SDKROOT = iphoneos;
				SWIFT_ACTIVE_COMPILATION_CONDITIONS = DEBUG;
				SWIFT_OPTIMIZATION_LEVEL = "-Onone";
			};
			name = Debug;
		};
		B204E85028C12B7E008E56FA /* Release */ = {
			isa = XCBuildConfiguration;
			buildSettings = {
				ALWAYS_SEARCH_USER_PATHS = NO;
				CLANG_ANALYZER_NONNULL = YES;
				CLANG_ANALYZER_NUMBER_OBJECT_CONVERSION = YES_AGGRESSIVE;
				CLANG_CXX_LANGUAGE_STANDARD = "gnu++17";
				CLANG_ENABLE_MODULES = YES;
				CLANG_ENABLE_OBJC_ARC = YES;
				CLANG_ENABLE_OBJC_WEAK = YES;
				CLANG_WARN_BLOCK_CAPTURE_AUTORELEASING = YES;
				CLANG_WARN_BOOL_CONVERSION = YES;
				CLANG_WARN_COMMA = YES;
				CLANG_WARN_CONSTANT_CONVERSION = YES;
				CLANG_WARN_DEPRECATED_OBJC_IMPLEMENTATIONS = YES;
				CLANG_WARN_DIRECT_OBJC_ISA_USAGE = YES_ERROR;
				CLANG_WARN_DOCUMENTATION_COMMENTS = YES;
				CLANG_WARN_EMPTY_BODY = YES;
				CLANG_WARN_ENUM_CONVERSION = YES;
				CLANG_WARN_INFINITE_RECURSION = YES;
				CLANG_WARN_INT_CONVERSION = YES;
				CLANG_WARN_NON_LITERAL_NULL_CONVERSION = YES;
				CLANG_WARN_OBJC_IMPLICIT_RETAIN_SELF = YES;
				CLANG_WARN_OBJC_LITERAL_CONVERSION = YES;
				CLANG_WARN_OBJC_ROOT_CLASS = YES_ERROR;
				CLANG_WARN_QUOTED_INCLUDE_IN_FRAMEWORK_HEADER = YES;
				CLANG_WARN_RANGE_LOOP_ANALYSIS = YES;
				CLANG_WARN_STRICT_PROTOTYPES = YES;
				CLANG_WARN_SUSPICIOUS_MOVE = YES;
				CLANG_WARN_UNGUARDED_AVAILABILITY = YES_AGGRESSIVE;
				CLANG_WARN_UNREACHABLE_CODE = YES;
				CLANG_WARN__DUPLICATE_METHOD_MATCH = YES;
				COPY_PHASE_STRIP = NO;
				DEBUG_INFORMATION_FORMAT = "dwarf-with-dsym";
				ENABLE_NS_ASSERTIONS = NO;
				ENABLE_STRICT_OBJC_MSGSEND = YES;
				GCC_C_LANGUAGE_STANDARD = gnu11;
				GCC_NO_COMMON_BLOCKS = YES;
				GCC_WARN_64_TO_32_BIT_CONVERSION = YES;
				GCC_WARN_ABOUT_RETURN_TYPE = YES_ERROR;
				GCC_WARN_UNDECLARED_SELECTOR = YES;
				GCC_WARN_UNINITIALIZED_AUTOS = YES_AGGRESSIVE;
				GCC_WARN_UNUSED_FUNCTION = YES;
				GCC_WARN_UNUSED_VARIABLE = YES;
				IPHONEOS_DEPLOYMENT_TARGET = 15.5;
				MTL_ENABLE_DEBUG_INFO = NO;
				MTL_FAST_MATH = YES;
				SDKROOT = iphoneos;
				SWIFT_COMPILATION_MODE = wholemodule;
				SWIFT_OPTIMIZATION_LEVEL = "-O";
				VALIDATE_PRODUCT = YES;
			};
			name = Release;
		};
		B204E85228C12B7E008E56FA /* Debug */ = {
			isa = XCBuildConfiguration;
			buildSettings = {
				ASSETCATALOG_COMPILER_APPICON_NAME = AppIcon;
				ASSETCATALOG_COMPILER_GLOBAL_ACCENT_COLOR_NAME = AccentColor;
				CODE_SIGN_STYLE = Automatic;
				CURRENT_PROJECT_VERSION = 1;
				DEVELOPMENT_TEAM = QX86TT8FA7;
				GENERATE_INFOPLIST_FILE = YES;
				INFOPLIST_FILE = MeasureConverter/Info.plist;
				INFOPLIST_KEY_UIApplicationSupportsIndirectInputEvents = YES;
				INFOPLIST_KEY_UILaunchStoryboardName = LaunchScreen;
				INFOPLIST_KEY_UIMainStoryboardFile = Main;
				INFOPLIST_KEY_UISupportedInterfaceOrientations_iPad = "UIInterfaceOrientationPortrait UIInterfaceOrientationPortraitUpsideDown UIInterfaceOrientationLandscapeLeft UIInterfaceOrientationLandscapeRight";
				INFOPLIST_KEY_UISupportedInterfaceOrientations_iPhone = "UIInterfaceOrientationPortrait UIInterfaceOrientationLandscapeLeft UIInterfaceOrientationLandscapeRight";
				LD_RUNPATH_SEARCH_PATHS = (
					"$(inherited)",
					"@executable_path/Frameworks",
				);
				MARKETING_VERSION = 1.0;
				PRODUCT_BUNDLE_IDENTIFIER = com.stephanieliew.MeasureConverter;
				PRODUCT_NAME = "$(TARGET_NAME)";
				SWIFT_EMIT_LOC_STRINGS = YES;
				SWIFT_VERSION = 5.0;
				TARGETED_DEVICE_FAMILY = "1,2";
			};
			name = Debug;
		};
		B204E85328C12B7E008E56FA /* Release */ = {
			isa = XCBuildConfiguration;
			buildSettings = {
				ASSETCATALOG_COMPILER_APPICON_NAME = AppIcon;
				ASSETCATALOG_COMPILER_GLOBAL_ACCENT_COLOR_NAME = AccentColor;
				CODE_SIGN_STYLE = Automatic;
				CURRENT_PROJECT_VERSION = 1;
				DEVELOPMENT_TEAM = QX86TT8FA7;
				GENERATE_INFOPLIST_FILE = YES;
				INFOPLIST_FILE = MeasureConverter/Info.plist;
				INFOPLIST_KEY_UIApplicationSupportsIndirectInputEvents = YES;
				INFOPLIST_KEY_UILaunchStoryboardName = LaunchScreen;
				INFOPLIST_KEY_UIMainStoryboardFile = Main;
				INFOPLIST_KEY_UISupportedInterfaceOrientations_iPad = "UIInterfaceOrientationPortrait UIInterfaceOrientationPortraitUpsideDown UIInterfaceOrientationLandscapeLeft UIInterfaceOrientationLandscapeRight";
				INFOPLIST_KEY_UISupportedInterfaceOrientations_iPhone = "UIInterfaceOrientationPortrait UIInterfaceOrientationLandscapeLeft UIInterfaceOrientationLandscapeRight";
				LD_RUNPATH_SEARCH_PATHS = (
					"$(inherited)",
					"@executable_path/Frameworks",
				);
				MARKETING_VERSION = 1.0;
				PRODUCT_BUNDLE_IDENTIFIER = com.stephanieliew.MeasureConverter;
				PRODUCT_NAME = "$(TARGET_NAME)";
				SWIFT_EMIT_LOC_STRINGS = YES;
				SWIFT_VERSION = 5.0;
				TARGETED_DEVICE_FAMILY = "1,2";
			};
			name = Release;
		};
/* End XCBuildConfiguration section */

/* Begin XCConfigurationList section */
		B204E83828C12B7B008E56FA /* Build configuration list for PBXProject "MeasureConverter" */ = {
			isa = XCConfigurationList;
			buildConfigurations = (
				B204E84F28C12B7E008E56FA /* Debug */,
				B204E85028C12B7E008E56FA /* Release */,
			);
			defaultConfigurationIsVisible = 0;
			defaultConfigurationName = Release;
		};
		B204E85128C12B7E008E56FA /* Build configuration list for PBXNativeTarget "MeasureConverter" */ = {
			isa = XCConfigurationList;
			buildConfigurations = (
				B204E85228C12B7E008E56FA /* Debug */,
				B204E85328C12B7E008E56FA /* Release */,
			);
			defaultConfigurationIsVisible = 0;
			defaultConfigurationName = Release;
		};
/* End XCConfigurationList section */
	};
	rootObject = B204E83528C12B7B008E56FA /* Project object */;
}
